github.com/evalphobia/httpwrapper v0.2.2 h1:E821NelrJ7d8pxstjVow5p7aF6xkVGPlpW09PC8WVbE=
github.com/evalphobia/httpwrapper v0.2.2/go.mod h1:1wE1UGid+FqRAGE5VMdq+SX6SSrLTSm15t08gGkfJ9A=
github.com/evalphobia/ipqualityscore-go v0.0.1 h1:DD/FFnDJ/WCsqQhtkenFL5AQiCi05i5dBEJchAsHdeY=
github.com/evalphobia/ipqualityscore-go v0.0.1/go.mod h1:Zr75SykQn9cTsY+SEIY9j5iBebtCtvgyiGq7hytPWVQ=
github.com/joho/godotenv v1.5.1 h1:7eLL/+HRGLY0ldzfGMeQkb7vMd0as4CfYvUVzLqw0N0=
github.com/joho/godotenv v1.5.1/go.mod h1:f4LDr5Voq0i2e/R5DDNOoa2zzDfwtkZa6DnEwAbqwq4=
golang.org/x/net v0.0.0-20210928044308-7d9f5e0b762b h1:eB48h3HiRycXNy8E0Gf5e0hv7YT6Kt14L/D73G1fuwo=
golang.org/x/net v0.0.0-20210928044308-7d9f5e0b762b/go.mod h1:9nx3DQGgdP8bBQD5qxJ1jj9UTztislL4KSBs9R2vV5Y=
gopkg.in/eapache/go-resiliency.v1 v1.2.0 h1:Ga62yQGVh5jQ/k6rDYhn2UsV9evgp2ZmMwXgGu2YcOQ=
gopkg.in/eapache/go-resiliency.v1 v1.2.0/go.mod h1:ufQ2tre3XZoQT9X8nKYgTaqO8DrIudC5V1EOYUwIka0=
gopkg.in/h2non/gentleman-retry.v2 v2.0.1 h1:/rpBzY+3anRJ7fX5khYgD5aJe4zQ4HRrIrUf4uEsnzU=
gopkg.in/h2non/gentleman-retry.v2 v2.0.1/go.mod h1:d5d8//Z0tzpEGZ/56I7EAmrYWGASfPiYz586ThB+nNY=
gopkg.in/h2non/gentleman.v2 v2.0.5 h1:ckmb6cLxL2DDk7WN7LSdxXDq7jNkOicFg4JZ4ZnDNuE=
gopkg.in/h2non/gentleman.v2 v2.0.5/go.mod h1:A1c7zwrTgAyyf6AbpvVksYtBayTB4STBUGmdkEtlHeA=
